
Microsoft Visual Studio Solution File, Format Version 12.00
# Visual Studio Version 16
VisualStudioVersion = 16.0.30320.27
MinimumVisualStudioVersion = 10.0.40219.1
Project("{FAE04EC0-301F-11D3-BF4B-00C04F79EFBC}") = "DocTypeConvertor", "DocTypeConvertor\DocTypeConvertor.csproj", "{5AFC3B02-1E9D-4AD1-8478-EC3E1E87A288}"
EndProject
Global
	GlobalSection(SolutionConfigurationPlatforms) = preSolution
		Debug|Any CPU = Debug|Any CPU
		Release|Any CPU = Release|Any CPU
	EndGlobalSection
	GlobalSection(ProjectConfigurationPlatforms) = postSolution
		{5AFC3B02-1E9D-4AD1-8478-EC3E1E87A288}.Debug|Any CPU.ActiveCfg = Debug|Any CPU
		{5AFC3B02-1E9D-4AD1-8478-EC3E1E87A288}.Debug|Any CPU.Build.0 = Debug|Any CPU
		{5AFC3B02-1E9D-4AD1-8478-EC3E1E87A288}.Release|Any CPU.ActiveCfg = Release|Any CPU
		{5AFC3B02-1E9D-4AD1-8478-EC3E1E87A288}.Release|Any CPU.Build.0 = Release|Any CPU
	EndGlobalSection
	GlobalSection(SolutionProperties) = preSolution
		HideSolutionNode = FALSE
	EndGlobalSection
	GlobalSection(ExtensibilityGlobals) = postSolution
		SolutionGuid = {B16EC69F-7426-4260-9371-5CF0856469A5}
	EndGlobalSection
EndGlobal
